
Microsoft Visual Studio Solution File, Format Version 12.00
# Visual Studio Version 17
VisualStudioVersion = 17.0.31903.59
MinimumVisualStudioVersion = 10.0.40219.1
Project("{9A19103F-16F7-4668-BE54-9A1E7A4F7556}") = "FactoryMethodPattern.Demo", "FactoryMethodPattern.Demo\FactoryMethodPattern.Demo.csproj", "{48B6AA0E-6FC2-4DA3-A269-C30CE0C55ACB}"
EndProject
Project("{9A19103F-16F7-4668-BE54-9A1E7A4F7556}") = "CommandPattern.Demo", "CommandPattern.Demo\CommandPattern.Demo.csproj", "{B11C91F0-C983-4BA5-BAF9-A5BEF6B19FCA}"
EndProject
Project("{9A19103F-16F7-4668-BE54-9A1E7A4F7556}") = "BuilderPattern.Demo", "BuilderPattern.Demo\BuilderPattern.Demo.csproj", "{C5A4E09E-7622-49A5-B588-D477247CB542}"
EndProject
Project("{9A19103F-16F7-4668-BE54-9A1E7A4F7556}") = "PrototypePattern.Demo", "PrototypePattern.Demo\PrototypePattern.Demo.csproj", "{26784026-F25F-4C5A-BB0E-74C47A749F74}"
EndProject
Project("{FAE04EC0-301F-11D3-BF4B-00C04F79EFBC}") = "AdapterPattern.Demo", "AdapterPattern.Demo\AdapterPattern.Demo.csproj", "{51AC736C-45EE-4E6B-86A5-1D89212DA240}"
EndProject
Global
	GlobalSection(SolutionConfigurationPlatforms) = preSolution
		Debug|Any CPU = Debug|Any CPU
		Release|Any CPU = Release|Any CPU
	EndGlobalSection
	GlobalSection(ProjectConfigurationPlatforms) = postSolution
		{48B6AA0E-6FC2-4DA3-A269-C30CE0C55ACB}.Debug|Any CPU.ActiveCfg = Debug|Any CPU
		{48B6AA0E-6FC2-4DA3-A269-C30CE0C55ACB}.Debug|Any CPU.Build.0 = Debug|Any CPU
		{48B6AA0E-6FC2-4DA3-A269-C30CE0C55ACB}.Release|Any CPU.ActiveCfg = Release|Any CPU
		{48B6AA0E-6FC2-4DA3-A269-C30CE0C55ACB}.Release|Any CPU.Build.0 = Release|Any CPU
		{B11C91F0-C983-4BA5-BAF9-A5BEF6B19FCA}.Debug|Any CPU.ActiveCfg = Debug|Any CPU
		{B11C91F0-C983-4BA5-BAF9-A5BEF6B19FCA}.Debug|Any CPU.Build.0 = Debug|Any CPU
		{B11C91F0-C983-4BA5-BAF9-A5BEF6B19FCA}.Release|Any CPU.ActiveCfg = Release|Any CPU
		{B11C91F0-C983-4BA5-BAF9-A5BEF6B19FCA}.Release|Any CPU.Build.0 = Release|Any CPU
		{C5A4E09E-7622-49A5-B588-D477247CB542}.Debug|Any CPU.ActiveCfg = Debug|Any CPU
		{C5A4E09E-7622-49A5-B588-D477247CB542}.Debug|Any CPU.Build.0 = Debug|Any CPU
		{C5A4E09E-7622-49A5-B588-D477247CB542}.Release|Any CPU.ActiveCfg = Release|Any CPU
		{C5A4E09E-7622-49A5-B588-D477247CB542}.Release|Any CPU.Build.0 = Release|Any CPU
		{26784026-F25F-4C5A-BB0E-74C47A749F74}.Debug|Any CPU.ActiveCfg = Debug|Any CPU
		{26784026-F25F-4C5A-BB0E-74C47A749F74}.Debug|Any CPU.Build.0 = Debug|Any CPU
		{26784026-F25F-4C5A-BB0E-74C47A749F74}.Release|Any CPU.ActiveCfg = Release|Any CPU
		{26784026-F25F-4C5A-BB0E-74C47A749F74}.Release|Any CPU.Build.0 = Release|Any CPU
		{51AC736C-45EE-4E6B-86A5-1D89212DA240}.Debug|Any CPU.ActiveCfg = Debug|Any CPU
		{51AC736C-45EE-4E6B-86A5-1D89212DA240}.Debug|Any CPU.Build.0 = Debug|Any CPU
		{51AC736C-45EE-4E6B-86A5-1D89212DA240}.Release|Any CPU.ActiveCfg = Release|Any CPU
		{51AC736C-45EE-4E6B-86A5-1D89212DA240}.Release|Any CPU.Build.0 = Release|Any CPU
	EndGlobalSection
	GlobalSection(SolutionProperties) = preSolution
		HideSolutionNode = FALSE
	EndGlobalSection
	GlobalSection(ExtensibilityGlobals) = postSolution
		SolutionGuid = {254BA296-9285-4648-8196-086108B2A6D7}
	EndGlobalSection
EndGlobal
