
Microsoft Visual Studio Solution File, Format Version 12.00
# Visual Studio Version 17
VisualStudioVersion = 17.0.32014.148
MinimumVisualStudioVersion = 10.0.40219.1
Project("{FAE04EC0-301F-11D3-BF4B-00C04F79EFBC}") = "FlyweightPattern.Demo", "FlyweightPattern.Demo\FlyweightPattern.Demo.csproj", "{2899972F-0C64-49E2-A63B-8D22FD22E423}"
EndProject
Global
	GlobalSection(SolutionConfigurationPlatforms) = preSolution
		Debug|Any CPU = Debug|Any CPU
		Release|Any CPU = Release|Any CPU
	EndGlobalSection
	GlobalSection(ProjectConfigurationPlatforms) = postSolution
		{2899972F-0C64-49E2-A63B-8D22FD22E423}.Debug|Any CPU.ActiveCfg = Debug|Any CPU
		{2899972F-0C64-49E2-A63B-8D22FD22E423}.Debug|Any CPU.Build.0 = Debug|Any CPU
		{2899972F-0C64-49E2-A63B-8D22FD22E423}.Release|Any CPU.ActiveCfg = Release|Any CPU
		{2899972F-0C64-49E2-A63B-8D22FD22E423}.Release|Any CPU.Build.0 = Release|Any CPU
	EndGlobalSection
	GlobalSection(SolutionProperties) = preSolution
		HideSolutionNode = FALSE
	EndGlobalSection
	GlobalSection(ExtensibilityGlobals) = postSolution
		SolutionGuid = {5F90A316-EE4E-4272-9993-899C8C7EE885}
	EndGlobalSection
EndGlobal
