
Microsoft Visual Studio Solution File, Format Version 12.00
# Visual Studio Version 17
VisualStudioVersion = 17.0.32014.148
MinimumVisualStudioVersion = 10.0.40219.1
Project("{FAE04EC0-301F-11D3-BF4B-00C04F79EFBC}") = "ProxyPattern.Demo", "ProxyPattern.Demo\ProxyPattern.Demo.csproj", "{EEFF8943-A17A-4184-B4DF-7A154BBFB299}"
EndProject
Project("{FAE04EC0-301F-11D3-BF4B-00C04F79EFBC}") = "Weather.Forecast", "Weather.Forecast\Weather.Forecast.csproj", "{C8D964CB-1F85-4F63-8424-69CEE2C6EE8C}"
EndProject
Global
	GlobalSection(SolutionConfigurationPlatforms) = preSolution
		Debug|Any CPU = Debug|Any CPU
		Release|Any CPU = Release|Any CPU
	EndGlobalSection
	GlobalSection(ProjectConfigurationPlatforms) = postSolution
		{EEFF8943-A17A-4184-B4DF-7A154BBFB299}.Debug|Any CPU.ActiveCfg = Debug|Any CPU
		{EEFF8943-A17A-4184-B4DF-7A154BBFB299}.Debug|Any CPU.Build.0 = Debug|Any CPU
		{EEFF8943-A17A-4184-B4DF-7A154BBFB299}.Release|Any CPU.ActiveCfg = Release|Any CPU
		{EEFF8943-A17A-4184-B4DF-7A154BBFB299}.Release|Any CPU.Build.0 = Release|Any CPU
		{C8D964CB-1F85-4F63-8424-69CEE2C6EE8C}.Debug|Any CPU.ActiveCfg = Debug|Any CPU
		{C8D964CB-1F85-4F63-8424-69CEE2C6EE8C}.Debug|Any CPU.Build.0 = Debug|Any CPU
		{C8D964CB-1F85-4F63-8424-69CEE2C6EE8C}.Release|Any CPU.ActiveCfg = Release|Any CPU
		{C8D964CB-1F85-4F63-8424-69CEE2C6EE8C}.Release|Any CPU.Build.0 = Release|Any CPU
	EndGlobalSection
	GlobalSection(SolutionProperties) = preSolution
		HideSolutionNode = FALSE
	EndGlobalSection
	GlobalSection(ExtensibilityGlobals) = postSolution
		SolutionGuid = {0915F9A0-F218-4EEB-8FFB-54ACA87DAA98}
	EndGlobalSection
EndGlobal
